
Microsoft Visual Studio Solution File, Format Version 12.00
# Visual Studio Version 16
VisualStudioVersion = 16.0.31005.135
MinimumVisualStudioVersion = 10.0.40219.1
Project("{FAE04EC0-301F-11D3-BF4B-00C04F79EFBC}") = "Map", "Map\Map.csproj", "{9A4575BE-EC21-47B2-A39C-6E6D9DAFB998}"
EndProject
Global
	GlobalSection(SolutionConfigurationPlatforms) = preSolution
		Debug|Any CPU = Debug|Any CPU
		Release|Any CPU = Release|Any CPU
	EndGlobalSection
	GlobalSection(ProjectConfigurationPlatforms) = postSolution
		{9A4575BE-EC21-47B2-A39C-6E6D9DAFB998}.Debug|Any CPU.ActiveCfg = Debug|Any CPU
		{9A4575BE-EC21-47B2-A39C-6E6D9DAFB998}.Debug|Any CPU.Build.0 = Debug|Any CPU
		{9A4575BE-EC21-47B2-A39C-6E6D9DAFB998}.Release|Any CPU.ActiveCfg = Release|Any CPU
		{9A4575BE-EC21-47B2-A39C-6E6D9DAFB998}.Release|Any CPU.Build.0 = Release|Any CPU
	EndGlobalSection
	GlobalSection(SolutionProperties) = preSolution
		HideSolutionNode = FALSE
	EndGlobalSection
	GlobalSection(ExtensibilityGlobals) = postSolution
		SolutionGuid = {111565E1-3C7E-4A19-972F-9695174E42C7}
	EndGlobalSection
EndGlobal
